
Microsoft Visual Studio Solution File, Format Version 12.00
# Visual Studio 2012
Project("{FAE04EC0-301F-11D3-BF4B-00C04F79EFBC}") = "CellSpacePartition.Windows", "CellSpacePartition.Windows.csproj", "{ED4CAB1A-5436-4F45-AEA4-6CED6F4364EF}"
EndProject
Project("{FAE04EC0-301F-11D3-BF4B-00C04F79EFBC}") = "Lidgren.Network.Windows", "..\externals\MonoGame\ThirdParty\Lidgren.Network\Lidgren.Network.Windows.csproj", "{AE483C29-042E-4226-BA52-D247CE7676DA}"
EndProject
Project("{FAE04EC0-301F-11D3-BF4B-00C04F79EFBC}") = "MonoGame.Framework.WindowsGL", "..\externals\MonoGame\MonoGame.Framework\MonoGame.Framework.WindowsGL.csproj", "{7DE47032-A904-4C29-BD22-2D235E8D91BA}"
EndProject
Project("{FAE04EC0-301F-11D3-BF4B-00C04F79EFBC}") = "CellSpacePartition.Tests", "..\Tests\CellSpacePartition.Tests\CellSpacePartition.Tests.csproj", "{1AE3F15C-C8C1-4969-974E-52DB66175457}"
EndProject
Project("{FAE04EC0-301F-11D3-BF4B-00C04F79EFBC}") = "RectangleF.Windows", "..\externals\RectangleF\Windows\RectangleF.Windows.csproj", "{AC266A3A-2C6A-491F-9044-918D7B0A41BF}"
EndProject
Global
	GlobalSection(SolutionConfigurationPlatforms) = preSolution
		Debug|Any CPU = Debug|Any CPU
		Debug|x86 = Debug|x86
		Release|Any CPU = Release|Any CPU
		Release|x86 = Release|x86
	EndGlobalSection
	GlobalSection(ProjectConfigurationPlatforms) = postSolution
		{ED4CAB1A-5436-4F45-AEA4-6CED6F4364EF}.Debug|Any CPU.ActiveCfg = Debug|Any CPU
		{ED4CAB1A-5436-4F45-AEA4-6CED6F4364EF}.Debug|Any CPU.Build.0 = Debug|Any CPU
		{ED4CAB1A-5436-4F45-AEA4-6CED6F4364EF}.Debug|x86.ActiveCfg = Debug|Any CPU
		{ED4CAB1A-5436-4F45-AEA4-6CED6F4364EF}.Release|Any CPU.ActiveCfg = Release|Any CPU
		{ED4CAB1A-5436-4F45-AEA4-6CED6F4364EF}.Release|Any CPU.Build.0 = Release|Any CPU
		{ED4CAB1A-5436-4F45-AEA4-6CED6F4364EF}.Release|x86.ActiveCfg = Release|Any CPU
		{AE483C29-042E-4226-BA52-D247CE7676DA}.Debug|Any CPU.ActiveCfg = Debug|Any CPU
		{AE483C29-042E-4226-BA52-D247CE7676DA}.Debug|Any CPU.Build.0 = Debug|Any CPU
		{AE483C29-042E-4226-BA52-D247CE7676DA}.Debug|x86.ActiveCfg = Debug|x86
		{AE483C29-042E-4226-BA52-D247CE7676DA}.Debug|x86.Build.0 = Debug|x86
		{AE483C29-042E-4226-BA52-D247CE7676DA}.Release|Any CPU.ActiveCfg = Release|Any CPU
		{AE483C29-042E-4226-BA52-D247CE7676DA}.Release|Any CPU.Build.0 = Release|Any CPU
		{AE483C29-042E-4226-BA52-D247CE7676DA}.Release|x86.ActiveCfg = Release|x86
		{AE483C29-042E-4226-BA52-D247CE7676DA}.Release|x86.Build.0 = Release|x86
		{7DE47032-A904-4C29-BD22-2D235E8D91BA}.Debug|Any CPU.ActiveCfg = Debug|Any CPU
		{7DE47032-A904-4C29-BD22-2D235E8D91BA}.Debug|Any CPU.Build.0 = Debug|Any CPU
		{7DE47032-A904-4C29-BD22-2D235E8D91BA}.Debug|x86.ActiveCfg = Debug|x86
		{7DE47032-A904-4C29-BD22-2D235E8D91BA}.Debug|x86.Build.0 = Debug|x86
		{7DE47032-A904-4C29-BD22-2D235E8D91BA}.Release|Any CPU.ActiveCfg = Release|Any CPU
		{7DE47032-A904-4C29-BD22-2D235E8D91BA}.Release|Any CPU.Build.0 = Release|Any CPU
		{7DE47032-A904-4C29-BD22-2D235E8D91BA}.Release|x86.ActiveCfg = Release|x86
		{7DE47032-A904-4C29-BD22-2D235E8D91BA}.Release|x86.Build.0 = Release|x86
		{1AE3F15C-C8C1-4969-974E-52DB66175457}.Debug|Any CPU.ActiveCfg = Debug|Any CPU
		{1AE3F15C-C8C1-4969-974E-52DB66175457}.Debug|Any CPU.Build.0 = Debug|Any CPU
		{1AE3F15C-C8C1-4969-974E-52DB66175457}.Debug|x86.ActiveCfg = Debug|Any CPU
		{1AE3F15C-C8C1-4969-974E-52DB66175457}.Release|Any CPU.ActiveCfg = Release|Any CPU
		{1AE3F15C-C8C1-4969-974E-52DB66175457}.Release|Any CPU.Build.0 = Release|Any CPU
		{1AE3F15C-C8C1-4969-974E-52DB66175457}.Release|x86.ActiveCfg = Release|Any CPU
		{AC266A3A-2C6A-491F-9044-918D7B0A41BF}.Debug|Any CPU.ActiveCfg = Debug|Any CPU
		{AC266A3A-2C6A-491F-9044-918D7B0A41BF}.Debug|Any CPU.Build.0 = Debug|Any CPU
		{AC266A3A-2C6A-491F-9044-918D7B0A41BF}.Debug|x86.ActiveCfg = Debug|Any CPU
		{AC266A3A-2C6A-491F-9044-918D7B0A41BF}.Release|Any CPU.ActiveCfg = Release|Any CPU
		{AC266A3A-2C6A-491F-9044-918D7B0A41BF}.Release|Any CPU.Build.0 = Release|Any CPU
		{AC266A3A-2C6A-491F-9044-918D7B0A41BF}.Release|x86.ActiveCfg = Release|Any CPU
	EndGlobalSection
	GlobalSection(SolutionProperties) = preSolution
		HideSolutionNode = FALSE
	EndGlobalSection
EndGlobal
